// !$*UTF8*$!
{
	archiveVersion = 1;
	classes = {
	};
	objectVersion = 50;
	objects = {

/* Begin PBXBuildFile section */
		CAA7D2EE215F786200BF29EA /* AppDelegate.m in Sources */ = {isa = PBXBuildFile; fileRef = CAA7D2ED215F786200BF29EA /* AppDelegate.m */; };
		CAA7D2F1215F786200BF29EA /* ViewController.m in Sources */ = {isa = PBXBuildFile; fileRef = CAA7D2F0215F786200BF29EA /* ViewController.m */; };
		CAA7D2F4215F786200BF29EA /* Main.storyboard in Resources */ = {isa = PBXBuildFile; fileRef = CAA7D2F2215F786200BF29EA /* Main.storyboard */; };
		CAA7D2F6215F786300BF29EA /* Assets.xcassets in Resources */ = {isa = PBXBuildFile; fileRef = CAA7D2F5215F786300BF29EA /* Assets.xcassets */; };
		CAA7D2F9215F786300BF29EA /* LaunchScreen.storyboard in Resources */ = {isa = PBXBuildFile; fileRef = CAA7D2F7215F786300BF29EA /* LaunchScreen.storyboard */; };
		CAA7D2FC215F786300BF29EA /* main.m in Sources */ = {isa = PBXBuildFile; fileRef = CAA7D2FB215F786300BF29EA /* main.m */; };
		CAA7D304215F793D00BF29EA /* GraphicVertex.glsl in Resources */ = {isa = PBXBuildFile; fileRef = CAA7D302215F793D00BF29EA /* GraphicVertex.glsl */; };
		CAA7D305215F793D00BF29EA /* GraphicFragment.glsl in Resources */ = {isa = PBXBuildFile; fileRef = CAA7D303215F793D00BF29EA /* GraphicFragment.glsl */; };
/* End PBXBuildFile section */

/* Begin PBXFileReference section */
		CAA7D2E9215F786200BF29EA /* OpenGL ES Graphics.app */ = {isa = PBXFileReference; explicitFileType = wrapper.application; includeInIndex = 0; path = "OpenGL ES Graphics.app"; sourceTree = BUILT_PRODUCTS_DIR; };
		CAA7D2EC215F786200BF29EA /* AppDelegate.h */ = {isa = PBXFileReference; lastKnownFileType = sourcecode.c.h; path = AppDelegate.h; sourceTree = "<group>"; };
		CAA7D2ED215F786200BF29EA /* AppDelegate.m */ = {isa = PBXFileReference; lastKnownFileType = sourcecode.c.objc; path = AppDelegate.m; sourceTree = "<group>"; };
		CAA7D2EF215F786200BF29EA /* ViewController.h */ = {isa = PBXFileReference; lastKnownFileType = sourcecode.c.h; path = ViewController.h; sourceTree = "<group>"; };
		CAA7D2F0215F786200BF29EA /* ViewController.m */ = {isa = PBXFileReference; lastKnownFileType = sourcecode.c.objc; path = ViewController.m; sourceTree = "<group>"; };
		CAA7D2F3215F786200BF29EA /* Base */ = {isa = PBXFileReference; lastKnownFileType = file.storyboard; name = Base; path = Base.lproj/Main.storyboard; sourceTree = "<group>"; };
		CAA7D2F5215F786300BF29EA /* Assets.xcassets */ = {isa = PBXFileReference; lastKnownFileType = folder.assetcatalog; path = Assets.xcassets; sourceTree = "<group>"; };
		CAA7D2F8215F786300BF29EA /* Base */ = {isa = PBXFileReference; lastKnownFileType = file.storyboard; name = Base; path = Base.lproj/LaunchScreen.storyboard; sourceTree = "<group>"; };
		CAA7D2FA215F786300BF29EA /* Info.plist */ = {isa = PBXFileReference; lastKnownFileType = text.plist.xml; path = Info.plist; sourceTree = "<group>"; };
		CAA7D2FB215F786300BF29EA /* main.m */ = {isa = PBXFileReference; lastKnownFileType = sourcecode.c.objc; path = main.m; sourceTree = "<group>"; };
		CAA7D302215F793D00BF29EA /* GraphicVertex.glsl */ = {isa = PBXFileReference; fileEncoding = 4; lastKnownFileType = text; path = GraphicVertex.glsl; sourceTree = "<group>"; };
		CAA7D303215F793D00BF29EA /* GraphicFragment.glsl */ = {isa = PBXFileReference; fileEncoding = 4; lastKnownFileType = text; path = GraphicFragment.glsl; sourceTree = "<group>"; };
/* End PBXFileReference section */

/* Begin PBXFrameworksBuildPhase section */
		CAA7D2E6215F786200BF29EA /* Frameworks */ = {
			isa = PBXFrameworksBuildPhase;
			buildActionMask = 2147483647;
			files = (
			);
			runOnlyForDeploymentPostprocessing = 0;
		};
/* End PBXFrameworksBuildPhase section */

/* Begin PBXGroup section */
		CAA7D2E0215F786200BF29EA = {
			isa = PBXGroup;
			children = (
				CAA7D2EB215F786200BF29EA /* OpenGL ES Graphics */,
				CAA7D2EA215F786200BF29EA /* Products */,
			);
			sourceTree = "<group>";
		};
		CAA7D2EA215F786200BF29EA /* Products */ = {
			isa = PBXGroup;
			children = (
				CAA7D2E9215F786200BF29EA /* OpenGL ES Graphics.app */,
			);
			name = Products;
			sourceTree = "<group>";
		};
		CAA7D2EB215F786200BF29EA /* OpenGL ES Graphics */ = {
			isa = PBXGroup;
			children = (
				CAA7D2EC215F786200BF29EA /* AppDelegate.h */,
				CAA7D2ED215F786200BF29EA /* AppDelegate.m */,
				CAA7D2EF215F786200BF29EA /* ViewController.h */,
				CAA7D2F0215F786200BF29EA /* ViewController.m */,
				CAA7D303215F793D00BF29EA /* GraphicFragment.glsl */,
				CAA7D302215F793D00BF29EA /* GraphicVertex.glsl */,
				CAA7D2F2215F786200BF29EA /* Main.storyboard */,
				CAA7D2F5215F786300BF29EA /* Assets.xcassets */,
				CAA7D2F7215F786300BF29EA /* LaunchScreen.storyboard */,
				CAA7D2FA215F786300BF29EA /* Info.plist */,
				CAA7D2FB215F786300BF29EA /* main.m */,
			);
			path = "OpenGL ES Graphics";
			sourceTree = "<group>";
		};
/* End PBXGroup section */

/* Begin PBXNativeTarget section */
		CAA7D2E8215F786200BF29EA /* OpenGL ES Graphics */ = {
			isa = PBXNativeTarget;
			buildConfigurationList = CAA7D2FF215F786300BF29EA /* Build configuration list for PBXNativeTarget "OpenGL ES Graphics" */;
			buildPhases = (
				CAA7D2E5215F786200BF29EA /* Sources */,
				CAA7D2E6215F786200BF29EA /* Frameworks */,
				CAA7D2E7215F786200BF29EA /* Resources */,
			);
			buildRules = (
			);
			dependencies = (
			);
			name = "OpenGL ES Graphics";
			productName = "OpenGL ES Graphics";
			productReference = CAA7D2E9215F786200BF29EA /* OpenGL ES Graphics.app */;
			productType = "com.apple.product-type.application";
		};
/* End PBXNativeTarget section */

/* Begin PBXProject section */
		CAA7D2E1215F786200BF29EA /* Project object */ = {
			isa = PBXProject;
			attributes = {
				LastUpgradeCheck = 1000;
				ORGANIZATIONNAME = Dayao;
				TargetAttributes = {
					CAA7D2E8215F786200BF29EA = {
						CreatedOnToolsVersion = 10.0;
					};
				};
			};
			buildConfigurationList = CAA7D2E4215F786200BF29EA /* Build configuration list for PBXProject "OpenGL ES Graphics" */;
			compatibilityVersion = "Xcode 9.3";
			developmentRegion = en;
			hasScannedForEncodings = 0;
			knownRegions = (
				en,
				Base,
			);
			mainGroup = CAA7D2E0215F786200BF29EA;
			productRefGroup = CAA7D2EA215F786200BF29EA /* Products */;
			projectDirPath = "";
			projectRoot = "";
			targets = (
				CAA7D2E8215F786200BF29EA /* OpenGL ES Graphics */,
			);
		};
/* End PBXProject section */

/* Begin PBXResourcesBuildPhase section */
		CAA7D2E7215F786200BF29EA /* Resources */ = {
			isa = PBXResourcesBuildPhase;
			buildActionMask = 2147483647;
			files = (
				CAA7D305215F793D00BF29EA /* GraphicFragment.glsl in Resources */,
				CAA7D2F9215F786300BF29EA /* LaunchScreen.storyboard in Resources */,
				CAA7D2F6215F786300BF29EA /* Assets.xcassets in Resources */,
				CAA7D304215F793D00BF29EA /* GraphicVertex.glsl in Resources */,
				CAA7D2F4215F786200BF29EA /* Main.storyboard in Resources */,
			);
			runOnlyForDeploymentPostprocessing = 0;
		};
/* End PBXResourcesBuildPhase section */

/* Begin PBXSourcesBuildPhase section */
		CAA7D2E5215F786200BF29EA /* Sources */ = {
			isa = PBXSourcesBuildPhase;
			buildActionMask = 2147483647;
			files = (
				CAA7D2F1215F786200BF29EA /* ViewController.m in Sources */,
				CAA7D2FC215F786300BF29EA /* main.m in Sources */,
				CAA7D2EE215F786200BF29EA /* AppDelegate.m in Sources */,
			);
			runOnlyForDeploymentPostprocessing = 0;
		};
/* End PBXSourcesBuildPhase section */

/* Begin PBXVariantGroup section */
		CAA7D2F2215F786200BF29EA /* Main.storyboard */ = {
			isa = PBXVariantGroup;
			children = (
				CAA7D2F3215F786200BF29EA /* Base */,
			);
			name = Main.storyboard;
			sourceTree = "<group>";
		};
		CAA7D2F7215F786300BF29EA /* LaunchScreen.storyboard */ = {
			isa = PBXVariantGroup;
			children = (
				CAA7D2F8215F786300BF29EA /* Base */,
			);
			name = LaunchScreen.storyboard;
			sourceTree = "<group>";
		};
/* End PBXVariantGroup section */

/* Begin XCBuildConfiguration section */
		CAA7D2FD215F786300BF29EA /* Debug */ = {
			isa = XCBuildConfiguration;
			buildSettings = {
				ALWAYS_SEARCH_USER_PATHS = NO;
				CLANG_ANALYZER_NONNULL = YES;
				CLANG_ANALYZER_NUMBER_OBJECT_CONVERSION = YES_AGGRESSIVE;
				CLANG_CXX_LANGUAGE_STANDARD = "gnu++14";
				CLANG_CXX_LIBRARY = "libc++";
				CLANG_ENABLE_MODULES = YES;
				CLANG_ENABLE_OBJC_ARC = YES;
				CLANG_ENABLE_OBJC_WEAK = YES;
				CLANG_WARN_BLOCK_CAPTURE_AUTORELEASING = YES;
				CLANG_WARN_BOOL_CONVERSION = YES;
				CLANG_WARN_COMMA = YES;
				CLANG_WARN_CONSTANT_CONVERSION = YES;
				CLANG_WARN_DEPRECATED_OBJC_IMPLEMENTATIONS = YES;
				CLANG_WARN_DIRECT_OBJC_ISA_USAGE = YES_ERROR;
				CLANG_WARN_DOCUMENTATION_COMMENTS = YES;
				CLANG_WARN_EMPTY_BODY = YES;
				CLANG_WARN_ENUM_CONVERSION = YES;
				CLANG_WARN_INFINITE_RECURSION = YES;
				CLANG_WARN_INT_CONVERSION = YES;
				CLANG_WARN_NON_LITERAL_NULL_CONVERSION = YES;
				CLANG_WARN_OBJC_IMPLICIT_RETAIN_SELF = YES;
				CLANG_WARN_OBJC_LITERAL_CONVERSION = YES;
				CLANG_WARN_OBJC_ROOT_CLASS = YES_ERROR;
				CLANG_WARN_RANGE_LOOP_ANALYSIS = YES;
				CLANG_WARN_STRICT_PROTOTYPES = YES;
				CLANG_WARN_SUSPICIOUS_MOVE = YES;
				CLANG_WARN_UNGUARDED_AVAILABILITY = YES_AGGRESSIVE;
				CLANG_WARN_UNREACHABLE_CODE = YES;
				CLANG_WARN__DUPLICATE_METHOD_MATCH = YES;
				CODE_SIGN_IDENTITY = "iPhone Developer";
				COPY_PHASE_STRIP = NO;
				DEBUG_INFORMATION_FORMAT = dwarf;
				ENABLE_STRICT_OBJC_MSGSEND = YES;
				ENABLE_TESTABILITY = YES;
				GCC_C_LANGUAGE_STANDARD = gnu11;
				GCC_DYNAMIC_NO_PIC = NO;
				GCC_NO_COMMON_BLOCKS = YES;
				GCC_OPTIMIZATION_LEVEL = 0;
				GCC_PREPROCESSOR_DEFINITIONS = (
					"DEBUG=1",
					"$(inherited)",
				);
				GCC_WARN_64_TO_32_BIT_CONVERSION = YES;
				GCC_WARN_ABOUT_RETURN_TYPE = YES_ERROR;
				GCC_WARN_UNDECLARED_SELECTOR = YES;
				GCC_WARN_UNINITIALIZED_AUTOS = YES_AGGRESSIVE;
				GCC_WARN_UNUSED_FUNCTION = YES;
				GCC_WARN_UNUSED_VARIABLE = YES;
				IPHONEOS_DEPLOYMENT_TARGET = 12.0;
				MTL_ENABLE_DEBUG_INFO = INCLUDE_SOURCE;
				MTL_FAST_MATH = YES;
				ONLY_ACTIVE_ARCH = YES;
				SDKROOT = iphoneos;
			};
			name = Debug;
		};
		CAA7D2FE215F786300BF29EA /* Release */ = {
			isa = XCBuildConfiguration;
			buildSettings = {
				ALWAYS_SEARCH_USER_PATHS = NO;
				CLANG_ANALYZER_NONNULL = YES;
				CLANG_ANALYZER_NUMBER_OBJECT_CONVERSION = YES_AGGRESSIVE;
				CLANG_CXX_LANGUAGE_STANDARD = "gnu++14";
				CLANG_CXX_LIBRARY = "libc++";
				CLANG_ENABLE_MODULES = YES;
				CLANG_ENABLE_OBJC_ARC = YES;
				CLANG_ENABLE_OBJC_WEAK = YES;
				CLANG_WARN_BLOCK_CAPTURE_AUTORELEASING = YES;
				CLANG_WARN_BOOL_CONVERSION = YES;
				CLANG_WARN_COMMA = YES;
				CLANG_WARN_CONSTANT_CONVERSION = YES;
				CLANG_WARN_DEPRECATED_OBJC_IMPLEMENTATIONS = YES;
				CLANG_WARN_DIRECT_OBJC_ISA_USAGE = YES_ERROR;
				CLANG_WARN_DOCUMENTATION_COMMENTS = YES;
				CLANG_WARN_EMPTY_BODY = YES;
				CLANG_WARN_ENUM_CONVERSION = YES;
				CLANG_WARN_INFINITE_RECURSION = YES;
				CLANG_WARN_INT_CONVERSION = YES;
				CLANG_WARN_NON_LITERAL_NULL_CONVERSION = YES;
				CLANG_WARN_OBJC_IMPLICIT_RETAIN_SELF = YES;
				CLANG_WARN_OBJC_LITERAL_CONVERSION = YES;
				CLANG_WARN_OBJC_ROOT_CLASS = YES_ERROR;
				CLANG_WARN_RANGE_LOOP_ANALYSIS = YES;
				CLANG_WARN_STRICT_PROTOTYPES = YES;
				CLANG_WARN_SUSPICIOUS_MOVE = YES;
				CLANG_WARN_UNGUARDED_AVAILABILITY = YES_AGGRESSIVE;
				CLANG_WARN_UNREACHABLE_CODE = YES;
				CLANG_WARN__DUPLICATE_METHOD_MATCH = YES;
				CODE_SIGN_IDENTITY = "iPhone Developer";
				COPY_PHASE_STRIP = NO;
				DEBUG_INFORMATION_FORMAT = "dwarf-with-dsym";
				ENABLE_NS_ASSERTIONS = NO;
				ENABLE_STRICT_OBJC_MSGSEND = YES;
				GCC_C_LANGUAGE_STANDARD = gnu11;
				GCC_NO_COMMON_BLOCKS = YES;
				GCC_WARN_64_TO_32_BIT_CONVERSION = YES;
				GCC_WARN_ABOUT_RETURN_TYPE = YES_ERROR;
				GCC_WARN_UNDECLARED_SELECTOR = YES;
				GCC_WARN_UNINITIALIZED_AUTOS = YES_AGGRESSIVE;
				GCC_WARN_UNUSED_FUNCTION = YES;
				GCC_WARN_UNUSED_VARIABLE = YES;
				IPHONEOS_DEPLOYMENT_TARGET = 12.0;
				MTL_ENABLE_DEBUG_INFO = NO;
				MTL_FAST_MATH = YES;
				SDKROOT = iphoneos;
				VALIDATE_PRODUCT = YES;
			};
			name = Release;
		};
		CAA7D300215F786300BF29EA /* Debug */ = {
			isa = XCBuildConfiguration;
			buildSettings = {
				ASSETCATALOG_COMPILER_APPICON_NAME = AppIcon;
				CODE_SIGN_STYLE = Automatic;
				INFOPLIST_FILE = "OpenGL ES Graphics/Info.plist";
				LD_RUNPATH_SEARCH_PATHS = (
					"$(inherited)",
					"@executable_path/Frameworks",
				);
				PRODUCT_BUNDLE_IDENTIFIER = "Dayao.OpenGL-ES-Graphics";
				PRODUCT_NAME = "$(TARGET_NAME)";
				TARGETED_DEVICE_FAMILY = "1,2";
			};
			name = Debug;
		};
		CAA7D301215F786300BF29EA /* Release */ = {
			isa = XCBuildConfiguration;
			buildSettings = {
				ASSETCATALOG_COMPILER_APPICON_NAME = AppIcon;
				CODE_SIGN_STYLE = Automatic;
				INFOPLIST_FILE = "OpenGL ES Graphics/Info.plist";
				LD_RUNPATH_SEARCH_PATHS = (
					"$(inherited)",
					"@executable_path/Frameworks",
				);
				PRODUCT_BUNDLE_IDENTIFIER = "Dayao.OpenGL-ES-Graphics";
				PRODUCT_NAME = "$(TARGET_NAME)";
				TARGETED_DEVICE_FAMILY = "1,2";
			};
			name = Release;
		};
/* End XCBuildConfiguration section */

/* Begin XCConfigurationList section */
		CAA7D2E4215F786200BF29EA /* Build configuration list for PBXProject "OpenGL ES Graphics" */ = {
			isa = XCConfigurationList;
			buildConfigurations = (
				CAA7D2FD215F786300BF29EA /* Debug */,
				CAA7D2FE215F786300BF29EA /* Release */,
			);
			defaultConfigurationIsVisible = 0;
			defaultConfigurationName = Release;
		};
		CAA7D2FF215F786300BF29EA /* Build configuration list for PBXNativeTarget "OpenGL ES Graphics" */ = {
			isa = XCConfigurationList;
			buildConfigurations = (
				CAA7D300215F786300BF29EA /* Debug */,
				CAA7D301215F786300BF29EA /* Release */,
			);
			defaultConfigurationIsVisible = 0;
			defaultConfigurationName = Release;
		};
/* End XCConfigurationList section */
	};
	rootObject = CAA7D2E1215F786200BF29EA /* Project object */;
}
