// !$*UTF8*$!
{
	archiveVersion = 1;
	classes = {
	};
	objectVersion = 50;
	objects = {

/* Begin PBXBuildFile section */
		CA7943D8216B3572003B6169 /* AppDelegate.m in Sources */ = {isa = PBXBuildFile; fileRef = CA7943D7216B3572003B6169 /* AppDelegate.m */; };
		CA7943DB216B3572003B6169 /* ViewController.m in Sources */ = {isa = PBXBuildFile; fileRef = CA7943DA216B3572003B6169 /* ViewController.m */; };
		CA7943E0216B3573003B6169 /* Assets.xcassets in Resources */ = {isa = PBXBuildFile; fileRef = CA7943DF216B3573003B6169 /* Assets.xcassets */; };
		CA7943E3216B3573003B6169 /* LaunchScreen.storyboard in Resources */ = {isa = PBXBuildFile; fileRef = CA7943E1216B3573003B6169 /* LaunchScreen.storyboard */; };
		CA7943E6216B3573003B6169 /* main.m in Sources */ = {isa = PBXBuildFile; fileRef = CA7943E5216B3573003B6169 /* main.m */; };
		CA7943EE216B361C003B6169 /* CustomView.m in Sources */ = {isa = PBXBuildFile; fileRef = CA7943EC216B361C003B6169 /* CustomView.m */; };
		CA7943F6216B3666003B6169 /* GLESUtils.m in Sources */ = {isa = PBXBuildFile; fileRef = CA7943F0216B3666003B6169 /* GLESUtils.m */; };
		CA7943F7216B3666003B6169 /* GLESMath.c in Sources */ = {isa = PBXBuildFile; fileRef = CA7943F2216B3666003B6169 /* GLESMath.c */; };
		CA7943F9216B37BE003B6169 /* Main.storyboard in Resources */ = {isa = PBXBuildFile; fileRef = CA7943F8216B37BE003B6169 /* Main.storyboard */; };
		CA7943FC216B38DF003B6169 /* shaderf.glsl in Resources */ = {isa = PBXBuildFile; fileRef = CA7943FA216B38DE003B6169 /* shaderf.glsl */; };
		CA7943FD216B38DF003B6169 /* shaderv.glsl in Resources */ = {isa = PBXBuildFile; fileRef = CA7943FB216B38DE003B6169 /* shaderv.glsl */; };
/* End PBXBuildFile section */

/* Begin PBXFileReference section */
		CA7943D3216B3572003B6169 /* OpenGLESThreeDimensionalTransform.app */ = {isa = PBXFileReference; explicitFileType = wrapper.application; includeInIndex = 0; path = OpenGLESThreeDimensionalTransform.app; sourceTree = BUILT_PRODUCTS_DIR; };
		CA7943D6216B3572003B6169 /* AppDelegate.h */ = {isa = PBXFileReference; lastKnownFileType = sourcecode.c.h; path = AppDelegate.h; sourceTree = "<group>"; };
		CA7943D7216B3572003B6169 /* AppDelegate.m */ = {isa = PBXFileReference; lastKnownFileType = sourcecode.c.objc; path = AppDelegate.m; sourceTree = "<group>"; };
		CA7943D9216B3572003B6169 /* ViewController.h */ = {isa = PBXFileReference; lastKnownFileType = sourcecode.c.h; path = ViewController.h; sourceTree = "<group>"; };
		CA7943DA216B3572003B6169 /* ViewController.m */ = {isa = PBXFileReference; lastKnownFileType = sourcecode.c.objc; path = ViewController.m; sourceTree = "<group>"; };
		CA7943DF216B3573003B6169 /* Assets.xcassets */ = {isa = PBXFileReference; lastKnownFileType = folder.assetcatalog; path = Assets.xcassets; sourceTree = "<group>"; };
		CA7943E2216B3573003B6169 /* Base */ = {isa = PBXFileReference; lastKnownFileType = file.storyboard; name = Base; path = Base.lproj/LaunchScreen.storyboard; sourceTree = "<group>"; };
		CA7943E4216B3573003B6169 /* Info.plist */ = {isa = PBXFileReference; lastKnownFileType = text.plist.xml; path = Info.plist; sourceTree = "<group>"; };
		CA7943E5216B3573003B6169 /* main.m */ = {isa = PBXFileReference; lastKnownFileType = sourcecode.c.objc; path = main.m; sourceTree = "<group>"; };
		CA7943EC216B361C003B6169 /* CustomView.m */ = {isa = PBXFileReference; fileEncoding = 4; lastKnownFileType = sourcecode.c.objc; path = CustomView.m; sourceTree = "<group>"; };
		CA7943ED216B361C003B6169 /* CustomView.h */ = {isa = PBXFileReference; fileEncoding = 4; lastKnownFileType = sourcecode.c.h; path = CustomView.h; sourceTree = "<group>"; };
		CA7943F0216B3666003B6169 /* GLESUtils.m */ = {isa = PBXFileReference; fileEncoding = 4; lastKnownFileType = sourcecode.c.objc; path = GLESUtils.m; sourceTree = "<group>"; };
		CA7943F1216B3666003B6169 /* Quaternion.h */ = {isa = PBXFileReference; fileEncoding = 4; lastKnownFileType = sourcecode.c.h; path = Quaternion.h; sourceTree = "<group>"; };
		CA7943F2216B3666003B6169 /* GLESMath.c */ = {isa = PBXFileReference; fileEncoding = 4; lastKnownFileType = sourcecode.c.c; path = GLESMath.c; sourceTree = "<group>"; };
		CA7943F3216B3666003B6169 /* GLESUtils.h */ = {isa = PBXFileReference; fileEncoding = 4; lastKnownFileType = sourcecode.c.h; path = GLESUtils.h; sourceTree = "<group>"; };
		CA7943F4216B3666003B6169 /* Vector.h */ = {isa = PBXFileReference; fileEncoding = 4; lastKnownFileType = sourcecode.c.h; path = Vector.h; sourceTree = "<group>"; };
		CA7943F5216B3666003B6169 /* GLESMath.h */ = {isa = PBXFileReference; fileEncoding = 4; lastKnownFileType = sourcecode.c.h; path = GLESMath.h; sourceTree = "<group>"; };
		CA7943F8216B37BE003B6169 /* Main.storyboard */ = {isa = PBXFileReference; fileEncoding = 4; lastKnownFileType = file.storyboard; path = Main.storyboard; sourceTree = "<group>"; };
		CA7943FA216B38DE003B6169 /* shaderf.glsl */ = {isa = PBXFileReference; fileEncoding = 4; lastKnownFileType = text; path = shaderf.glsl; sourceTree = "<group>"; };
		CA7943FB216B38DE003B6169 /* shaderv.glsl */ = {isa = PBXFileReference; fileEncoding = 4; lastKnownFileType = text; path = shaderv.glsl; sourceTree = "<group>"; };
/* End PBXFileReference section */

/* Begin PBXFrameworksBuildPhase section */
		CA7943D0216B3572003B6169 /* Frameworks */ = {
			isa = PBXFrameworksBuildPhase;
			buildActionMask = 2147483647;
			files = (
			);
			runOnlyForDeploymentPostprocessing = 0;
		};
/* End PBXFrameworksBuildPhase section */

/* Begin PBXGroup section */
		CA7943CA216B3572003B6169 = {
			isa = PBXGroup;
			children = (
				CA7943D5216B3572003B6169 /* OpenGLESThreeDimensionalTransform */,
				CA7943D4216B3572003B6169 /* Products */,
			);
			sourceTree = "<group>";
		};
		CA7943D4216B3572003B6169 /* Products */ = {
			isa = PBXGroup;
			children = (
				CA7943D3216B3572003B6169 /* OpenGLESThreeDimensionalTransform.app */,
			);
			name = Products;
			sourceTree = "<group>";
		};
		CA7943D5216B3572003B6169 /* OpenGLESThreeDimensionalTransform */ = {
			isa = PBXGroup;
			children = (
				CA7943EF216B3666003B6169 /* Utils */,
				CA7943D6216B3572003B6169 /* AppDelegate.h */,
				CA7943D7216B3572003B6169 /* AppDelegate.m */,
				CA7943D9216B3572003B6169 /* ViewController.h */,
				CA7943DA216B3572003B6169 /* ViewController.m */,
				CA7943ED216B361C003B6169 /* CustomView.h */,
				CA7943EC216B361C003B6169 /* CustomView.m */,
				CA7943FA216B38DE003B6169 /* shaderf.glsl */,
				CA7943FB216B38DE003B6169 /* shaderv.glsl */,
				CA7943F8216B37BE003B6169 /* Main.storyboard */,
				CA7943DF216B3573003B6169 /* Assets.xcassets */,
				CA7943E1216B3573003B6169 /* LaunchScreen.storyboard */,
				CA7943E4216B3573003B6169 /* Info.plist */,
				CA7943E5216B3573003B6169 /* main.m */,
			);
			path = OpenGLESThreeDimensionalTransform;
			sourceTree = "<group>";
		};
		CA7943EF216B3666003B6169 /* Utils */ = {
			isa = PBXGroup;
			children = (
				CA7943F0216B3666003B6169 /* GLESUtils.m */,
				CA7943F1216B3666003B6169 /* Quaternion.h */,
				CA7943F2216B3666003B6169 /* GLESMath.c */,
				CA7943F3216B3666003B6169 /* GLESUtils.h */,
				CA7943F4216B3666003B6169 /* Vector.h */,
				CA7943F5216B3666003B6169 /* GLESMath.h */,
			);
			path = Utils;
			sourceTree = "<group>";
		};
/* End PBXGroup section */

/* Begin PBXNativeTarget section */
		CA7943D2216B3572003B6169 /* OpenGLESThreeDimensionalTransform */ = {
			isa = PBXNativeTarget;
			buildConfigurationList = CA7943E9216B3573003B6169 /* Build configuration list for PBXNativeTarget "OpenGLESThreeDimensionalTransform" */;
			buildPhases = (
				CA7943CF216B3572003B6169 /* Sources */,
				CA7943D0216B3572003B6169 /* Frameworks */,
				CA7943D1216B3572003B6169 /* Resources */,
			);
			buildRules = (
			);
			dependencies = (
			);
			name = OpenGLESThreeDimensionalTransform;
			productName = OpenGLESThreeDimensionalTransform;
			productReference = CA7943D3216B3572003B6169 /* OpenGLESThreeDimensionalTransform.app */;
			productType = "com.apple.product-type.application";
		};
/* End PBXNativeTarget section */

/* Begin PBXProject section */
		CA7943CB216B3572003B6169 /* Project object */ = {
			isa = PBXProject;
			attributes = {
				LastUpgradeCheck = 1000;
				ORGANIZATIONNAME = Dayao;
				TargetAttributes = {
					CA7943D2216B3572003B6169 = {
						CreatedOnToolsVersion = 10.0;
					};
				};
			};
			buildConfigurationList = CA7943CE216B3572003B6169 /* Build configuration list for PBXProject "OpenGLESThreeDimensionalTransform" */;
			compatibilityVersion = "Xcode 9.3";
			developmentRegion = en;
			hasScannedForEncodings = 0;
			knownRegions = (
				en,
				Base,
			);
			mainGroup = CA7943CA216B3572003B6169;
			productRefGroup = CA7943D4216B3572003B6169 /* Products */;
			projectDirPath = "";
			projectRoot = "";
			targets = (
				CA7943D2216B3572003B6169 /* OpenGLESThreeDimensionalTransform */,
			);
		};
/* End PBXProject section */

/* Begin PBXResourcesBuildPhase section */
		CA7943D1216B3572003B6169 /* Resources */ = {
			isa = PBXResourcesBuildPhase;
			buildActionMask = 2147483647;
			files = (
				CA7943F9216B37BE003B6169 /* Main.storyboard in Resources */,
				CA7943FC216B38DF003B6169 /* shaderf.glsl in Resources */,
				CA7943E3216B3573003B6169 /* LaunchScreen.storyboard in Resources */,
				CA7943E0216B3573003B6169 /* Assets.xcassets in Resources */,
				CA7943FD216B38DF003B6169 /* shaderv.glsl in Resources */,
			);
			runOnlyForDeploymentPostprocessing = 0;
		};
/* End PBXResourcesBuildPhase section */

/* Begin PBXSourcesBuildPhase section */
		CA7943CF216B3572003B6169 /* Sources */ = {
			isa = PBXSourcesBuildPhase;
			buildActionMask = 2147483647;
			files = (
				CA7943DB216B3572003B6169 /* ViewController.m in Sources */,
				CA7943E6216B3573003B6169 /* main.m in Sources */,
				CA7943F6216B3666003B6169 /* GLESUtils.m in Sources */,
				CA7943D8216B3572003B6169 /* AppDelegate.m in Sources */,
				CA7943F7216B3666003B6169 /* GLESMath.c in Sources */,
				CA7943EE216B361C003B6169 /* CustomView.m in Sources */,
			);
			runOnlyForDeploymentPostprocessing = 0;
		};
/* End PBXSourcesBuildPhase section */

/* Begin PBXVariantGroup section */
		CA7943E1216B3573003B6169 /* LaunchScreen.storyboard */ = {
			isa = PBXVariantGroup;
			children = (
				CA7943E2216B3573003B6169 /* Base */,
			);
			name = LaunchScreen.storyboard;
			sourceTree = "<group>";
		};
/* End PBXVariantGroup section */

/* Begin XCBuildConfiguration section */
		CA7943E7216B3573003B6169 /* Debug */ = {
			isa = XCBuildConfiguration;
			buildSettings = {
				ALWAYS_SEARCH_USER_PATHS = NO;
				CLANG_ANALYZER_NONNULL = YES;
				CLANG_ANALYZER_NUMBER_OBJECT_CONVERSION = YES_AGGRESSIVE;
				CLANG_CXX_LANGUAGE_STANDARD = "gnu++14";
				CLANG_CXX_LIBRARY = "libc++";
				CLANG_ENABLE_MODULES = YES;
				CLANG_ENABLE_OBJC_ARC = YES;
				CLANG_ENABLE_OBJC_WEAK = YES;
				CLANG_WARN_BLOCK_CAPTURE_AUTORELEASING = YES;
				CLANG_WARN_BOOL_CONVERSION = YES;
				CLANG_WARN_COMMA = YES;
				CLANG_WARN_CONSTANT_CONVERSION = YES;
				CLANG_WARN_DEPRECATED_OBJC_IMPLEMENTATIONS = YES;
				CLANG_WARN_DIRECT_OBJC_ISA_USAGE = YES_ERROR;
				CLANG_WARN_DOCUMENTATION_COMMENTS = YES;
				CLANG_WARN_EMPTY_BODY = YES;
				CLANG_WARN_ENUM_CONVERSION = YES;
				CLANG_WARN_INFINITE_RECURSION = YES;
				CLANG_WARN_INT_CONVERSION = YES;
				CLANG_WARN_NON_LITERAL_NULL_CONVERSION = YES;
				CLANG_WARN_OBJC_IMPLICIT_RETAIN_SELF = YES;
				CLANG_WARN_OBJC_LITERAL_CONVERSION = YES;
				CLANG_WARN_OBJC_ROOT_CLASS = YES_ERROR;
				CLANG_WARN_RANGE_LOOP_ANALYSIS = YES;
				CLANG_WARN_STRICT_PROTOTYPES = YES;
				CLANG_WARN_SUSPICIOUS_MOVE = YES;
				CLANG_WARN_UNGUARDED_AVAILABILITY = YES_AGGRESSIVE;
				CLANG_WARN_UNREACHABLE_CODE = YES;
				CLANG_WARN__DUPLICATE_METHOD_MATCH = YES;
				CODE_SIGN_IDENTITY = "iPhone Developer";
				COPY_PHASE_STRIP = NO;
				DEBUG_INFORMATION_FORMAT = dwarf;
				ENABLE_STRICT_OBJC_MSGSEND = YES;
				ENABLE_TESTABILITY = YES;
				GCC_C_LANGUAGE_STANDARD = gnu11;
				GCC_DYNAMIC_NO_PIC = NO;
				GCC_NO_COMMON_BLOCKS = YES;
				GCC_OPTIMIZATION_LEVEL = 0;
				GCC_PREPROCESSOR_DEFINITIONS = (
					"DEBUG=1",
					"$(inherited)",
				);
				GCC_WARN_64_TO_32_BIT_CONVERSION = YES;
				GCC_WARN_ABOUT_RETURN_TYPE = YES_ERROR;
				GCC_WARN_UNDECLARED_SELECTOR = YES;
				GCC_WARN_UNINITIALIZED_AUTOS = YES_AGGRESSIVE;
				GCC_WARN_UNUSED_FUNCTION = YES;
				GCC_WARN_UNUSED_VARIABLE = YES;
				IPHONEOS_DEPLOYMENT_TARGET = 12.0;
				MTL_ENABLE_DEBUG_INFO = INCLUDE_SOURCE;
				MTL_FAST_MATH = YES;
				ONLY_ACTIVE_ARCH = YES;
				SDKROOT = iphoneos;
			};
			name = Debug;
		};
		CA7943E8216B3573003B6169 /* Release */ = {
			isa = XCBuildConfiguration;
			buildSettings = {
				ALWAYS_SEARCH_USER_PATHS = NO;
				CLANG_ANALYZER_NONNULL = YES;
				CLANG_ANALYZER_NUMBER_OBJECT_CONVERSION = YES_AGGRESSIVE;
				CLANG_CXX_LANGUAGE_STANDARD = "gnu++14";
				CLANG_CXX_LIBRARY = "libc++";
				CLANG_ENABLE_MODULES = YES;
				CLANG_ENABLE_OBJC_ARC = YES;
				CLANG_ENABLE_OBJC_WEAK = YES;
				CLANG_WARN_BLOCK_CAPTURE_AUTORELEASING = YES;
				CLANG_WARN_BOOL_CONVERSION = YES;
				CLANG_WARN_COMMA = YES;
				CLANG_WARN_CONSTANT_CONVERSION = YES;
				CLANG_WARN_DEPRECATED_OBJC_IMPLEMENTATIONS = YES;
				CLANG_WARN_DIRECT_OBJC_ISA_USAGE = YES_ERROR;
				CLANG_WARN_DOCUMENTATION_COMMENTS = YES;
				CLANG_WARN_EMPTY_BODY = YES;
				CLANG_WARN_ENUM_CONVERSION = YES;
				CLANG_WARN_INFINITE_RECURSION = YES;
				CLANG_WARN_INT_CONVERSION = YES;
				CLANG_WARN_NON_LITERAL_NULL_CONVERSION = YES;
				CLANG_WARN_OBJC_IMPLICIT_RETAIN_SELF = YES;
				CLANG_WARN_OBJC_LITERAL_CONVERSION = YES;
				CLANG_WARN_OBJC_ROOT_CLASS = YES_ERROR;
				CLANG_WARN_RANGE_LOOP_ANALYSIS = YES;
				CLANG_WARN_STRICT_PROTOTYPES = YES;
				CLANG_WARN_SUSPICIOUS_MOVE = YES;
				CLANG_WARN_UNGUARDED_AVAILABILITY = YES_AGGRESSIVE;
				CLANG_WARN_UNREACHABLE_CODE = YES;
				CLANG_WARN__DUPLICATE_METHOD_MATCH = YES;
				CODE_SIGN_IDENTITY = "iPhone Developer";
				COPY_PHASE_STRIP = NO;
				DEBUG_INFORMATION_FORMAT = "dwarf-with-dsym";
				ENABLE_NS_ASSERTIONS = NO;
				ENABLE_STRICT_OBJC_MSGSEND = YES;
				GCC_C_LANGUAGE_STANDARD = gnu11;
				GCC_NO_COMMON_BLOCKS = YES;
				GCC_WARN_64_TO_32_BIT_CONVERSION = YES;
				GCC_WARN_ABOUT_RETURN_TYPE = YES_ERROR;
				GCC_WARN_UNDECLARED_SELECTOR = YES;
				GCC_WARN_UNINITIALIZED_AUTOS = YES_AGGRESSIVE;
				GCC_WARN_UNUSED_FUNCTION = YES;
				GCC_WARN_UNUSED_VARIABLE = YES;
				IPHONEOS_DEPLOYMENT_TARGET = 12.0;
				MTL_ENABLE_DEBUG_INFO = NO;
				MTL_FAST_MATH = YES;
				SDKROOT = iphoneos;
				VALIDATE_PRODUCT = YES;
			};
			name = Release;
		};
		CA7943EA216B3573003B6169 /* Debug */ = {
			isa = XCBuildConfiguration;
			buildSettings = {
				ASSETCATALOG_COMPILER_APPICON_NAME = AppIcon;
				CODE_SIGN_STYLE = Automatic;
				INFOPLIST_FILE = OpenGLESThreeDimensionalTransform/Info.plist;
				LD_RUNPATH_SEARCH_PATHS = (
					"$(inherited)",
					"@executable_path/Frameworks",
				);
				PRODUCT_BUNDLE_IDENTIFIER = Dayao.OpenGLESThreeDimensionalTransform;
				PRODUCT_NAME = "$(TARGET_NAME)";
				TARGETED_DEVICE_FAMILY = "1,2";
			};
			name = Debug;
		};
		CA7943EB216B3573003B6169 /* Release */ = {
			isa = XCBuildConfiguration;
			buildSettings = {
				ASSETCATALOG_COMPILER_APPICON_NAME = AppIcon;
				CODE_SIGN_STYLE = Automatic;
				INFOPLIST_FILE = OpenGLESThreeDimensionalTransform/Info.plist;
				LD_RUNPATH_SEARCH_PATHS = (
					"$(inherited)",
					"@executable_path/Frameworks",
				);
				PRODUCT_BUNDLE_IDENTIFIER = Dayao.OpenGLESThreeDimensionalTransform;
				PRODUCT_NAME = "$(TARGET_NAME)";
				TARGETED_DEVICE_FAMILY = "1,2";
			};
			name = Release;
		};
/* End XCBuildConfiguration section */

/* Begin XCConfigurationList section */
		CA7943CE216B3572003B6169 /* Build configuration list for PBXProject "OpenGLESThreeDimensionalTransform" */ = {
			isa = XCConfigurationList;
			buildConfigurations = (
				CA7943E7216B3573003B6169 /* Debug */,
				CA7943E8216B3573003B6169 /* Release */,
			);
			defaultConfigurationIsVisible = 0;
			defaultConfigurationName = Release;
		};
		CA7943E9216B3573003B6169 /* Build configuration list for PBXNativeTarget "OpenGLESThreeDimensionalTransform" */ = {
			isa = XCConfigurationList;
			buildConfigurations = (
				CA7943EA216B3573003B6169 /* Debug */,
				CA7943EB216B3573003B6169 /* Release */,
			);
			defaultConfigurationIsVisible = 0;
			defaultConfigurationName = Release;
		};
/* End XCConfigurationList section */
	};
	rootObject = CA7943CB216B3572003B6169 /* Project object */;
}
